// !$*UTF8*$!
{
	archiveVersion = 1;
	classes = {
	};
	objectVersion = 46;
	objects = {

/* Begin PBXBuildFile section */
		395F9F931A3A6564002B8EA1 /* Icon-60.png in Resources */ = {isa = PBXBuildFile; fileRef = 395F9F811A3A6564002B8EA1 /* Icon-60.png */; };
		395F9F941A3A6564002B8EA1 /* Icon-60@2x.png in Resources */ = {isa = PBXBuildFile; fileRef = 395F9F821A3A6564002B8EA1 /* Icon-60@2x.png */; };
		395F9F951A3A6564002B8EA1 /* Icon-60@3x.png in Resources */ = {isa = PBXBuildFile; fileRef = 395F9F831A3A6564002B8EA1 /* Icon-60@3x.png */; };
		395F9F961A3A6564002B8EA1 /* Icon-72.png in Resources */ = {isa = PBXBuildFile; fileRef = 395F9F841A3A6564002B8EA1 /* Icon-72.png */; };
		395F9F971A3A6564002B8EA1 /* Icon-72@2x.png in Resources */ = {isa = PBXBuildFile; fileRef = 395F9F851A3A6564002B8EA1 /* Icon-72@2x.png */; };
		395F9F981A3A6564002B8EA1 /* Icon-76.png in Resources */ = {isa = PBXBuildFile; fileRef = 395F9F861A3A6564002B8EA1 /* Icon-76.png */; };
		395F9F991A3A6564002B8EA1 /* Icon-76@2x.png in Resources */ = {isa = PBXBuildFile; fileRef = 395F9F871A3A6564002B8EA1 /* Icon-76@2x.png */; };
		395F9F9A1A3A6564002B8EA1 /* Icon-Small-40.png in Resources */ = {isa = PBXBuildFile; fileRef = 395F9F881A3A6564002B8EA1 /* Icon-Small-40.png */; };
		395F9F9B1A3A6564002B8EA1 /* Icon-Small-40@2x.png in Resources */ = {isa = PBXBuildFile; fileRef = 395F9F891A3A6564002B8EA1 /* Icon-Small-40@2x.png */; };
		395F9F9C1A3A6564002B8EA1 /* Icon-Small-40@3x.png in Resources */ = {isa = PBXBuildFile; fileRef = 395F9F8A1A3A6564002B8EA1 /* Icon-Small-40@3x.png */; };
		395F9F9D1A3A6564002B8EA1 /* Icon-Small-50.png in Resources */ = {isa = PBXBuildFile; fileRef = 395F9F8B1A3A6564002B8EA1 /* Icon-Small-50.png */; };
		395F9F9E1A3A6564002B8EA1 /* Icon-Small-50@2x.png in Resources */ = {isa = PBXBuildFile; fileRef = 395F9F8C1A3A6564002B8EA1 /* Icon-Small-50@2x.png */; };
		395F9F9F1A3A6564002B8EA1 /* Icon-Small.png in Resources */ = {isa = PBXBuildFile; fileRef = 395F9F8D1A3A6564002B8EA1 /* Icon-Small.png */; };
		395F9FA01A3A6564002B8EA1 /* Icon-Small@2x.png in Resources */ = {isa = PBXBuildFile; fileRef = 395F9F8E1A3A6564002B8EA1 /* Icon-Small@2x.png */; };
		395F9FA11A3A6564002B8EA1 /* Icon-Small@3x.png in Resources */ = {isa = PBXBuildFile; fileRef = 395F9F8F1A3A6564002B8EA1 /* Icon-Small@3x.png */; };
		395F9FA21A3A6564002B8EA1 /* Icon.png in Resources */ = {isa = PBXBuildFile; fileRef = 395F9F901A3A6564002B8EA1 /* Icon.png */; };
		395F9FA31A3A6564002B8EA1 /* Icon@2x.png in Resources */ = {isa = PBXBuildFile; fileRef = 395F9F911A3A6564002B8EA1 /* Icon@2x.png */; };
		395F9FA41A3A6564002B8EA1 /* iTunesArtwork@2x.png in Resources */ = {isa = PBXBuildFile; fileRef = 395F9F921A3A6564002B8EA1 /* iTunesArtwork@2x.png */; };
		39A09D5E1A3785BA00471424 /* AppDelegate.swift in Sources */ = {isa = PBXBuildFile; fileRef = 39A09D5D1A3785BA00471424 /* AppDelegate.swift */; };
		39A09D601A3785BA00471424 /* ViewController.swift in Sources */ = {isa = PBXBuildFile; fileRef = 39A09D5F1A3785BA00471424 /* ViewController.swift */; };
		39A09D631A3785BA00471424 /* Main.storyboard in Resources */ = {isa = PBXBuildFile; fileRef = 39A09D611A3785BA00471424 /* Main.storyboard */; };
		39A09D651A3785BA00471424 /* Images.xcassets in Resources */ = {isa = PBXBuildFile; fileRef = 39A09D641A3785BA00471424 /* Images.xcassets */; };
		39A09D681A3785BA00471424 /* LaunchScreen.xib in Resources */ = {isa = PBXBuildFile; fileRef = 39A09D661A3785BA00471424 /* LaunchScreen.xib */; };
		39A09D741A3785BB00471424 /* lostfacesTests.swift in Sources */ = {isa = PBXBuildFile; fileRef = 39A09D731A3785BB00471424 /* lostfacesTests.swift */; };
		39A09D7E1A378D5C00471424 /* ViewPhotoViewController.swift in Sources */ = {isa = PBXBuildFile; fileRef = 39A09D7D1A378D5C00471424 /* ViewPhotoViewController.swift */; };
		39A09D801A3797A500471424 /* Photos.framework in Frameworks */ = {isa = PBXBuildFile; fileRef = 39A09D7F1A3797A500471424 /* Photos.framework */; };
		39A09D821A37A6DE00471424 /* PhotoThumbnailCollectionViewCell.swift in Sources */ = {isa = PBXBuildFile; fileRef = 39A09D811A37A6DE00471424 /* PhotoThumbnailCollectionViewCell.swift */; };
/* End PBXBuildFile section */

/* Begin PBXContainerItemProxy section */
		39A09D6E1A3785BB00471424 /* PBXContainerItemProxy */ = {
			isa = PBXContainerItemProxy;
			containerPortal = 39A09D501A3785BA00471424 /* Project object */;
			proxyType = 1;
			remoteGlobalIDString = 39A09D571A3785BA00471424;
			remoteInfo = lostfaces;
		};
/* End PBXContainerItemProxy section */

/* Begin PBXFileReference section */
		395F9F811A3A6564002B8EA1 /* Icon-60.png */ = {isa = PBXFileReference; lastKnownFileType = image.png; path = "Icon-60.png"; sourceTree = "<group>"; };
		395F9F821A3A6564002B8EA1 /* Icon-60@2x.png */ = {isa = PBXFileReference; lastKnownFileType = image.png; path = "Icon-60@2x.png"; sourceTree = "<group>"; };
		395F9F831A3A6564002B8EA1 /* Icon-60@3x.png */ = {isa = PBXFileReference; lastKnownFileType = image.png; path = "Icon-60@3x.png"; sourceTree = "<group>"; };
		395F9F841A3A6564002B8EA1 /* Icon-72.png */ = {isa = PBXFileReference; lastKnownFileType = image.png; path = "Icon-72.png"; sourceTree = "<group>"; };
		395F9F851A3A6564002B8EA1 /* Icon-72@2x.png */ = {isa = PBXFileReference; lastKnownFileType = image.png; path = "Icon-72@2x.png"; sourceTree = "<group>"; };
		395F9F861A3A6564002B8EA1 /* Icon-76.png */ = {isa = PBXFileReference; lastKnownFileType = image.png; path = "Icon-76.png"; sourceTree = "<group>"; };
		395F9F871A3A6564002B8EA1 /* Icon-76@2x.png */ = {isa = PBXFileReference; lastKnownFileType = image.png; path = "Icon-76@2x.png"; sourceTree = "<group>"; };
		395F9F881A3A6564002B8EA1 /* Icon-Small-40.png */ = {isa = PBXFileReference; lastKnownFileType = image.png; path = "Icon-Small-40.png"; sourceTree = "<group>"; };
		395F9F891A3A6564002B8EA1 /* Icon-Small-40@2x.png */ = {isa = PBXFileReference; lastKnownFileType = image.png; path = "Icon-Small-40@2x.png"; sourceTree = "<group>"; };
		395F9F8A1A3A6564002B8EA1 /* Icon-Small-40@3x.png */ = {isa = PBXFileReference; lastKnownFileType = image.png; path = "Icon-Small-40@3x.png"; sourceTree = "<group>"; };
		395F9F8B1A3A6564002B8EA1 /* Icon-Small-50.png */ = {isa = PBXFileReference; lastKnownFileType = image.png; path = "Icon-Small-50.png"; sourceTree = "<group>"; };
		395F9F8C1A3A6564002B8EA1 /* Icon-Small-50@2x.png */ = {isa = PBXFileReference; lastKnownFileType = image.png; path = "Icon-Small-50@2x.png"; sourceTree = "<group>"; };
		395F9F8D1A3A6564002B8EA1 /* Icon-Small.png */ = {isa = PBXFileReference; lastKnownFileType = image.png; path = "Icon-Small.png"; sourceTree = "<group>"; };
		395F9F8E1A3A6564002B8EA1 /* Icon-Small@2x.png */ = {isa = PBXFileReference; lastKnownFileType = image.png; path = "Icon-Small@2x.png"; sourceTree = "<group>"; };
		395F9F8F1A3A6564002B8EA1 /* Icon-Small@3x.png */ = {isa = PBXFileReference; lastKnownFileType = image.png; path = "Icon-Small@3x.png"; sourceTree = "<group>"; };
		395F9F901A3A6564002B8EA1 /* Icon.png */ = {isa = PBXFileReference; lastKnownFileType = image.png; path = Icon.png; sourceTree = "<group>"; };
		395F9F911A3A6564002B8EA1 /* Icon@2x.png */ = {isa = PBXFileReference; lastKnownFileType = image.png; path = "Icon@2x.png"; sourceTree = "<group>"; };
		395F9F921A3A6564002B8EA1 /* iTunesArtwork@2x.png */ = {isa = PBXFileReference; lastKnownFileType = image.png; path = "iTunesArtwork@2x.png"; sourceTree = "<group>"; };
		39A09D581A3785BA00471424 /* lostfaces.app */ = {isa = PBXFileReference; explicitFileType = wrapper.application; includeInIndex = 0; path = lostfaces.app; sourceTree = BUILT_PRODUCTS_DIR; };
		39A09D5C1A3785BA00471424 /* Info.plist */ = {isa = PBXFileReference; lastKnownFileType = text.plist.xml; path = Info.plist; sourceTree = "<group>"; };
		39A09D5D1A3785BA00471424 /* AppDelegate.swift */ = {isa = PBXFileReference; lastKnownFileType = sourcecode.swift; path = AppDelegate.swift; sourceTree = "<group>"; };
		39A09D5F1A3785BA00471424 /* ViewController.swift */ = {isa = PBXFileReference; lastKnownFileType = sourcecode.swift; path = ViewController.swift; sourceTree = "<group>"; };
		39A09D621A3785BA00471424 /* Base */ = {isa = PBXFileReference; lastKnownFileType = file.storyboard; name = Base; path = Base.lproj/Main.storyboard; sourceTree = "<group>"; };
		39A09D641A3785BA00471424 /* Images.xcassets */ = {isa = PBXFileReference; lastKnownFileType = folder.assetcatalog; path = Images.xcassets; sourceTree = "<group>"; };
		39A09D671A3785BA00471424 /* Base */ = {isa = PBXFileReference; lastKnownFileType = file.xib; name = Base; path = Base.lproj/LaunchScreen.xib; sourceTree = "<group>"; };
		39A09D6D1A3785BB00471424 /* lostfacesTests.xctest */ = {isa = PBXFileReference; explicitFileType = wrapper.cfbundle; includeInIndex = 0; path = lostfacesTests.xctest; sourceTree = BUILT_PRODUCTS_DIR; };
		39A09D721A3785BB00471424 /* Info.plist */ = {isa = PBXFileReference; lastKnownFileType = text.plist.xml; path = Info.plist; sourceTree = "<group>"; };
		39A09D731A3785BB00471424 /* lostfacesTests.swift */ = {isa = PBXFileReference; lastKnownFileType = sourcecode.swift; path = lostfacesTests.swift; sourceTree = "<group>"; };
		39A09D7D1A378D5C00471424 /* ViewPhotoViewController.swift */ = {isa = PBXFileReference; fileEncoding = 4; lastKnownFileType = sourcecode.swift; path = ViewPhotoViewController.swift; sourceTree = "<group>"; };
		39A09D7F1A3797A500471424 /* Photos.framework */ = {isa = PBXFileReference; lastKnownFileType = wrapper.framework; name = Photos.framework; path = System/Library/Frameworks/Photos.framework; sourceTree = SDKROOT; };
		39A09D811A37A6DE00471424 /* PhotoThumbnailCollectionViewCell.swift */ = {isa = PBXFileReference; fileEncoding = 4; lastKnownFileType = sourcecode.swift; path = PhotoThumbnailCollectionViewCell.swift; sourceTree = "<group>"; };
/* End PBXFileReference section */

/* Begin PBXFrameworksBuildPhase section */
		39A09D551A3785BA00471424 /* Frameworks */ = {
			isa = PBXFrameworksBuildPhase;
			buildActionMask = 2147483647;
			files = (
				39A09D801A3797A500471424 /* Photos.framework in Frameworks */,
			);
			runOnlyForDeploymentPostprocessing = 0;
		};
		39A09D6A1A3785BB00471424 /* Frameworks */ = {
			isa = PBXFrameworksBuildPhase;
			buildActionMask = 2147483647;
			files = (
			);
			runOnlyForDeploymentPostprocessing = 0;
		};
/* End PBXFrameworksBuildPhase section */

/* Begin PBXGroup section */
		39A09D4F1A3785BA00471424 = {
			isa = PBXGroup;
			children = (
				39A09D7F1A3797A500471424 /* Photos.framework */,
				39A09D5A1A3785BA00471424 /* lostfaces */,
				39A09D701A3785BB00471424 /* lostfacesTests */,
				39A09D591A3785BA00471424 /* Products */,
			);
			sourceTree = "<group>";
		};
		39A09D591A3785BA00471424 /* Products */ = {
			isa = PBXGroup;
			children = (
				39A09D581A3785BA00471424 /* lostfaces.app */,
				39A09D6D1A3785BB00471424 /* lostfacesTests.xctest */,
			);
			name = Products;
			sourceTree = "<group>";
		};
		39A09D5A1A3785BA00471424 /* lostfaces */ = {
			isa = PBXGroup;
			children = (
				39A09D5D1A3785BA00471424 /* AppDelegate.swift */,
				39A09D5F1A3785BA00471424 /* ViewController.swift */,
				39A09D611A3785BA00471424 /* Main.storyboard */,
				39A09D811A37A6DE00471424 /* PhotoThumbnailCollectionViewCell.swift */,
				39A09D7D1A378D5C00471424 /* ViewPhotoViewController.swift */,
				39A09D641A3785BA00471424 /* Images.xcassets */,
				39A09D661A3785BA00471424 /* LaunchScreen.xib */,
				39A09D5B1A3785BA00471424 /* Supporting Files */,
			);
			path = lostfaces;
			sourceTree = "<group>";
		};
		39A09D5B1A3785BA00471424 /* Supporting Files */ = {
			isa = PBXGroup;
			children = (
				395F9F811A3A6564002B8EA1 /* Icon-60.png */,
				395F9F821A3A6564002B8EA1 /* Icon-60@2x.png */,
				395F9F831A3A6564002B8EA1 /* Icon-60@3x.png */,
				395F9F841A3A6564002B8EA1 /* Icon-72.png */,
				395F9F851A3A6564002B8EA1 /* Icon-72@2x.png */,
				395F9F861A3A6564002B8EA1 /* Icon-76.png */,
				395F9F871A3A6564002B8EA1 /* Icon-76@2x.png */,
				395F9F881A3A6564002B8EA1 /* Icon-Small-40.png */,
				395F9F891A3A6564002B8EA1 /* Icon-Small-40@2x.png */,
				395F9F8A1A3A6564002B8EA1 /* Icon-Small-40@3x.png */,
				395F9F8B1A3A6564002B8EA1 /* Icon-Small-50.png */,
				395F9F8C1A3A6564002B8EA1 /* Icon-Small-50@2x.png */,
				395F9F8D1A3A6564002B8EA1 /* Icon-Small.png */,
				395F9F8E1A3A6564002B8EA1 /* Icon-Small@2x.png */,
				395F9F8F1A3A6564002B8EA1 /* Icon-Small@3x.png */,
				395F9F901A3A6564002B8EA1 /* Icon.png */,
				395F9F911A3A6564002B8EA1 /* Icon@2x.png */,
				395F9F921A3A6564002B8EA1 /* iTunesArtwork@2x.png */,
				39A09D5C1A3785BA00471424 /* Info.plist */,
			);
			name = "Supporting Files";
			sourceTree = "<group>";
		};
		39A09D701A3785BB00471424 /* lostfacesTests */ = {
			isa = PBXGroup;
			children = (
				39A09D731A3785BB00471424 /* lostfacesTests.swift */,
				39A09D711A3785BB00471424 /* Supporting Files */,
			);
			path = lostfacesTests;
			sourceTree = "<group>";
		};
		39A09D711A3785BB00471424 /* Supporting Files */ = {
			isa = PBXGroup;
			children = (
				39A09D721A3785BB00471424 /* Info.plist */,
			);
			name = "Supporting Files";
			sourceTree = "<group>";
		};
/* End PBXGroup section */

/* Begin PBXNativeTarget section */
		39A09D571A3785BA00471424 /* lostfaces */ = {
			isa = PBXNativeTarget;
			buildConfigurationList = 39A09D771A3785BB00471424 /* Build configuration list for PBXNativeTarget "lostfaces" */;
			buildPhases = (
				39A09D541A3785BA00471424 /* Sources */,
				39A09D551A3785BA00471424 /* Frameworks */,
				39A09D561A3785BA00471424 /* Resources */,
			);
			buildRules = (
			);
			dependencies = (
			);
			name = lostfaces;
			productName = lostfaces;
			productReference = 39A09D581A3785BA00471424 /* lostfaces.app */;
			productType = "com.apple.product-type.application";
		};
		39A09D6C1A3785BB00471424 /* lostfacesTests */ = {
			isa = PBXNativeTarget;
			buildConfigurationList = 39A09D7A1A3785BB00471424 /* Build configuration list for PBXNativeTarget "lostfacesTests" */;
			buildPhases = (
				39A09D691A3785BB00471424 /* Sources */,
				39A09D6A1A3785BB00471424 /* Frameworks */,
				39A09D6B1A3785BB00471424 /* Resources */,
			);
			buildRules = (
			);
			dependencies = (
				39A09D6F1A3785BB00471424 /* PBXTargetDependency */,
			);
			name = lostfacesTests;
			productName = lostfacesTests;
			productReference = 39A09D6D1A3785BB00471424 /* lostfacesTests.xctest */;
			productType = "com.apple.product-type.bundle.unit-test";
		};
/* End PBXNativeTarget section */

/* Begin PBXProject section */
		39A09D501A3785BA00471424 /* Project object */ = {
			isa = PBXProject;
			attributes = {
				LastUpgradeCheck = 0610;
				ORGANIZATIONNAME = "Aleksandr Salo";
				TargetAttributes = {
					39A09D571A3785BA00471424 = {
						CreatedOnToolsVersion = 6.1.1;
						DevelopmentTeam = 67DHEZ6974;
					};
					39A09D6C1A3785BB00471424 = {
						CreatedOnToolsVersion = 6.1.1;
						TestTargetID = 39A09D571A3785BA00471424;
					};
				};
			};
			buildConfigurationList = 39A09D531A3785BA00471424 /* Build configuration list for PBXProject "lostfaces" */;
			compatibilityVersion = "Xcode 3.2";
			developmentRegion = English;
			hasScannedForEncodings = 0;
			knownRegions = (
				en,
				Base,
			);
			mainGroup = 39A09D4F1A3785BA00471424;
			productRefGroup = 39A09D591A3785BA00471424 /* Products */;
			projectDirPath = "";
			projectRoot = "";
			targets = (
				39A09D571A3785BA00471424 /* lostfaces */,
				39A09D6C1A3785BB00471424 /* lostfacesTests */,
			);
		};
/* End PBXProject section */

/* Begin PBXResourcesBuildPhase section */
		39A09D561A3785BA00471424 /* Resources */ = {
			isa = PBXResourcesBuildPhase;
			buildActionMask = 2147483647;
			files = (
				395F9F9F1A3A6564002B8EA1 /* Icon-Small.png in Resources */,
				395F9F951A3A6564002B8EA1 /* Icon-60@3x.png in Resources */,
				395F9F9D1A3A6564002B8EA1 /* Icon-Small-50.png in Resources */,
				395F9F9B1A3A6564002B8EA1 /* Icon-Small-40@2x.png in Resources */,
				395F9FA01A3A6564002B8EA1 /* Icon-Small@2x.png in Resources */,
				395F9F9A1A3A6564002B8EA1 /* Icon-Small-40.png in Resources */,
				39A09D631A3785BA00471424 /* Main.storyboard in Resources */,
				395F9F971A3A6564002B8EA1 /* Icon-72@2x.png in Resources */,
				395F9F941A3A6564002B8EA1 /* Icon-60@2x.png in Resources */,
				395F9FA31A3A6564002B8EA1 /* Icon@2x.png in Resources */,
				39A09D681A3785BA00471424 /* LaunchScreen.xib in Resources */,
				395F9FA21A3A6564002B8EA1 /* Icon.png in Resources */,
				395F9F931A3A6564002B8EA1 /* Icon-60.png in Resources */,
				395F9F9C1A3A6564002B8EA1 /* Icon-Small-40@3x.png in Resources */,
				395F9FA11A3A6564002B8EA1 /* Icon-Small@3x.png in Resources */,
				395F9F961A3A6564002B8EA1 /* Icon-72.png in Resources */,
				395F9FA41A3A6564002B8EA1 /* iTunesArtwork@2x.png in Resources */,
				39A09D651A3785BA00471424 /* Images.xcassets in Resources */,
				395F9F9E1A3A6564002B8EA1 /* Icon-Small-50@2x.png in Resources */,
				395F9F991A3A6564002B8EA1 /* Icon-76@2x.png in Resources */,
				395F9F981A3A6564002B8EA1 /* Icon-76.png in Resources */,
			);
			runOnlyForDeploymentPostprocessing = 0;
		};
		39A09D6B1A3785BB00471424 /* Resources */ = {
			isa = PBXResourcesBuildPhase;
			buildActionMask = 2147483647;
			files = (
			);
			runOnlyForDeploymentPostprocessing = 0;
		};
/* End PBXResourcesBuildPhase section */

/* Begin PBXSourcesBuildPhase section */
		39A09D541A3785BA00471424 /* Sources */ = {
			isa = PBXSourcesBuildPhase;
			buildActionMask = 2147483647;
			files = (
				39A09D601A3785BA00471424 /* ViewController.swift in Sources */,
				39A09D5E1A3785BA00471424 /* AppDelegate.swift in Sources */,
				39A09D821A37A6DE00471424 /* PhotoThumbnailCollectionViewCell.swift in Sources */,
				39A09D7E1A378D5C00471424 /* ViewPhotoViewController.swift in Sources */,
			);
			runOnlyForDeploymentPostprocessing = 0;
		};
		39A09D691A3785BB00471424 /* Sources */ = {
			isa = PBXSourcesBuildPhase;
			buildActionMask = 2147483647;
			files = (
				39A09D741A3785BB00471424 /* lostfacesTests.swift in Sources */,
			);
			runOnlyForDeploymentPostprocessing = 0;
		};
/* End PBXSourcesBuildPhase section */

/* Begin PBXTargetDependency section */
		39A09D6F1A3785BB00471424 /* PBXTargetDependency */ = {
			isa = PBXTargetDependency;
			target = 39A09D571A3785BA00471424 /* lostfaces */;
			targetProxy = 39A09D6E1A3785BB00471424 /* PBXContainerItemProxy */;
		};
/* End PBXTargetDependency section */

/* Begin PBXVariantGroup section */
		39A09D611A3785BA00471424 /* Main.storyboard */ = {
			isa = PBXVariantGroup;
			children = (
				39A09D621A3785BA00471424 /* Base */,
			);
			name = Main.storyboard;
			sourceTree = "<group>";
		};
		39A09D661A3785BA00471424 /* LaunchScreen.xib */ = {
			isa = PBXVariantGroup;
			children = (
				39A09D671A3785BA00471424 /* Base */,
			);
			name = LaunchScreen.xib;
			sourceTree = "<group>";
		};
/* End PBXVariantGroup section */

/* Begin XCBuildConfiguration section */
		39A09D751A3785BB00471424 /* Debug */ = {
			isa = XCBuildConfiguration;
			buildSettings = {
				ALWAYS_SEARCH_USER_PATHS = NO;
				CLANG_CXX_LANGUAGE_STANDARD = "gnu++0x";
				CLANG_CXX_LIBRARY = "libc++";
				CLANG_ENABLE_MODULES = YES;
				CLANG_ENABLE_OBJC_ARC = YES;
				CLANG_WARN_BOOL_CONVERSION = YES;
				CLANG_WARN_CONSTANT_CONVERSION = YES;
				CLANG_WARN_DIRECT_OBJC_ISA_USAGE = YES_ERROR;
				CLANG_WARN_EMPTY_BODY = YES;
				CLANG_WARN_ENUM_CONVERSION = YES;
				CLANG_WARN_INT_CONVERSION = YES;
				CLANG_WARN_OBJC_ROOT_CLASS = YES_ERROR;
				CLANG_WARN_UNREACHABLE_CODE = YES;
				CLANG_WARN__DUPLICATE_METHOD_MATCH = YES;
				"CODE_SIGN_IDENTITY[sdk=iphoneos*]" = "iPhone Developer";
				COPY_PHASE_STRIP = NO;
				ENABLE_STRICT_OBJC_MSGSEND = YES;
				GCC_C_LANGUAGE_STANDARD = gnu99;
				GCC_DYNAMIC_NO_PIC = NO;
				GCC_OPTIMIZATION_LEVEL = 0;
				GCC_PREPROCESSOR_DEFINITIONS = (
					"DEBUG=1",
					"$(inherited)",
				);
				GCC_SYMBOLS_PRIVATE_EXTERN = NO;
				GCC_WARN_64_TO_32_BIT_CONVERSION = YES;
				GCC_WARN_ABOUT_RETURN_TYPE = YES_ERROR;
				GCC_WARN_UNDECLARED_SELECTOR = YES;
				GCC_WARN_UNINITIALIZED_AUTOS = YES_AGGRESSIVE;
				GCC_WARN_UNUSED_FUNCTION = YES;
				GCC_WARN_UNUSED_VARIABLE = YES;
				IPHONEOS_DEPLOYMENT_TARGET = 8.1;
				MTL_ENABLE_DEBUG_INFO = YES;
				ONLY_ACTIVE_ARCH = YES;
				SDKROOT = iphoneos;
				SWIFT_OPTIMIZATION_LEVEL = "-Onone";
				TARGETED_DEVICE_FAMILY = "1,2";
			};
			name = Debug;
		};
		39A09D761A3785BB00471424 /* Release */ = {
			isa = XCBuildConfiguration;
			buildSettings = {
				ALWAYS_SEARCH_USER_PATHS = NO;
				CLANG_CXX_LANGUAGE_STANDARD = "gnu++0x";
				CLANG_CXX_LIBRARY = "libc++";
				CLANG_ENABLE_MODULES = YES;
				CLANG_ENABLE_OBJC_ARC = YES;
				CLANG_WARN_BOOL_CONVERSION = YES;
				CLANG_WARN_CONSTANT_CONVERSION = YES;
				CLANG_WARN_DIRECT_OBJC_ISA_USAGE = YES_ERROR;
				CLANG_WARN_EMPTY_BODY = YES;
				CLANG_WARN_ENUM_CONVERSION = YES;
				CLANG_WARN_INT_CONVERSION = YES;
				CLANG_WARN_OBJC_ROOT_CLASS = YES_ERROR;
				CLANG_WARN_UNREACHABLE_CODE = YES;
				CLANG_WARN__DUPLICATE_METHOD_MATCH = YES;
				"CODE_SIGN_IDENTITY[sdk=iphoneos*]" = "iPhone Developer";
				COPY_PHASE_STRIP = YES;
				ENABLE_NS_ASSERTIONS = NO;
				ENABLE_STRICT_OBJC_MSGSEND = YES;
				GCC_C_LANGUAGE_STANDARD = gnu99;
				GCC_WARN_64_TO_32_BIT_CONVERSION = YES;
				GCC_WARN_ABOUT_RETURN_TYPE = YES_ERROR;
				GCC_WARN_UNDECLARED_SELECTOR = YES;
				GCC_WARN_UNINITIALIZED_AUTOS = YES_AGGRESSIVE;
				GCC_WARN_UNUSED_FUNCTION = YES;
				GCC_WARN_UNUSED_VARIABLE = YES;
				IPHONEOS_DEPLOYMENT_TARGET = 8.1;
				MTL_ENABLE_DEBUG_INFO = NO;
				SDKROOT = iphoneos;
				TARGETED_DEVICE_FAMILY = "1,2";
				VALIDATE_PRODUCT = YES;
			};
			name = Release;
		};
		39A09D781A3785BB00471424 /* Debug */ = {
			isa = XCBuildConfiguration;
			buildSettings = {
				ASSETCATALOG_COMPILER_APPICON_NAME = AppIcon;
				CODE_SIGN_IDENTITY = "iPhone Developer";
				"CODE_SIGN_IDENTITY[sdk=iphoneos*]" = "iPhone Developer";
				INFOPLIST_FILE = lostfaces/Info.plist;
				LD_RUNPATH_SEARCH_PATHS = "$(inherited) @executable_path/Frameworks";
				PRODUCT_NAME = "$(TARGET_NAME)";
				PROVISIONING_PROFILE = "";
				TARGETED_DEVICE_FAMILY = "1,2";
			};
			name = Debug;
		};
		39A09D791A3785BB00471424 /* Release */ = {
			isa = XCBuildConfiguration;
			buildSettings = {
				ASSETCATALOG_COMPILER_APPICON_NAME = AppIcon;
				CODE_SIGN_IDENTITY = "iPhone Developer";
				"CODE_SIGN_IDENTITY[sdk=iphoneos*]" = "iPhone Developer";
				INFOPLIST_FILE = lostfaces/Info.plist;
				LD_RUNPATH_SEARCH_PATHS = "$(inherited) @executable_path/Frameworks";
				PRODUCT_NAME = "$(TARGET_NAME)";
				PROVISIONING_PROFILE = "";
				TARGETED_DEVICE_FAMILY = "1,2";
			};
			name = Release;
		};
		39A09D7B1A3785BB00471424 /* Debug */ = {
			isa = XCBuildConfiguration;
			buildSettings = {
				BUNDLE_LOADER = "$(TEST_HOST)";
				FRAMEWORK_SEARCH_PATHS = (
					"$(SDKROOT)/Developer/Library/Frameworks",
					"$(inherited)",
				);
				GCC_PREPROCESSOR_DEFINITIONS = (
					"DEBUG=1",
					"$(inherited)",
				);
				INFOPLIST_FILE = lostfacesTests/Info.plist;
				LD_RUNPATH_SEARCH_PATHS = "$(inherited) @executable_path/Frameworks @loader_path/Frameworks";
				PRODUCT_NAME = "$(TARGET_NAME)";
				TEST_HOST = "$(BUILT_PRODUCTS_DIR)/lostfaces.app/lostfaces";
			};
			name = Debug;
		};
		39A09D7C1A3785BB00471424 /* Release */ = {
			isa = XCBuildConfiguration;
			buildSettings = {
				BUNDLE_LOADER = "$(TEST_HOST)";
				FRAMEWORK_SEARCH_PATHS = (
					"$(SDKROOT)/Developer/Library/Frameworks",
					"$(inherited)",
				);
				INFOPLIST_FILE = lostfacesTests/Info.plist;
				LD_RUNPATH_SEARCH_PATHS = "$(inherited) @executable_path/Frameworks @loader_path/Frameworks";
				PRODUCT_NAME = "$(TARGET_NAME)";
				TEST_HOST = "$(BUILT_PRODUCTS_DIR)/lostfaces.app/lostfaces";
			};
			name = Release;
		};
/* End XCBuildConfiguration section */

/* Begin XCConfigurationList section */
		39A09D531A3785BA00471424 /* Build configuration list for PBXProject "lostfaces" */ = {
			isa = XCConfigurationList;
			buildConfigurations = (
				39A09D751A3785BB00471424 /* Debug */,
				39A09D761A3785BB00471424 /* Release */,
			);
			defaultConfigurationIsVisible = 0;
			defaultConfigurationName = Release;
		};
		39A09D771A3785BB00471424 /* Build configuration list for PBXNativeTarget "lostfaces" */ = {
			isa = XCConfigurationList;
			buildConfigurations = (
				39A09D781A3785BB00471424 /* Debug */,
				39A09D791A3785BB00471424 /* Release */,
			);
			defaultConfigurationIsVisible = 0;
			defaultConfigurationName = Release;
		};
		39A09D7A1A3785BB00471424 /* Build configuration list for PBXNativeTarget "lostfacesTests" */ = {
			isa = XCConfigurationList;
			buildConfigurations = (
				39A09D7B1A3785BB00471424 /* Debug */,
				39A09D7C1A3785BB00471424 /* Release */,
			);
			defaultConfigurationIsVisible = 0;
			defaultConfigurationName = Release;
		};
/* End XCConfigurationList section */
	};
	rootObject = 39A09D501A3785BA00471424 /* Project object */;
}
